// !$*UTF8*$!
{
	archiveVersion = 1;
	classes = {
	};
	objectVersion = 46;
	objects = {

/* Begin PBXBuildFile section */
		827BF2BD4AD952205C2E7D83 /* libPods.a in Frameworks */ = {isa = PBXBuildFile; fileRef = 1F28A3A1DF44F0D4144444CD /* libPods.a */; };
		A9082FB01B7D505400013CAF /* SpotActions.m in Sources */ = {isa = PBXBuildFile; fileRef = A9082FAF1B7D505400013CAF /* SpotActions.m */; };
		A9082FB11B7D505400013CAF /* SpotActions.m in Sources */ = {isa = PBXBuildFile; fileRef = A9082FAF1B7D505400013CAF /* SpotActions.m */; };
		A9082FB21B7D505400013CAF /* SpotActions.m in Sources */ = {isa = PBXBuildFile; fileRef = A9082FAF1B7D505400013CAF /* SpotActions.m */; };
		A9082FB31B7D505400013CAF /* SpotActions.m in Sources */ = {isa = PBXBuildFile; fileRef = A9082FAF1B7D505400013CAF /* SpotActions.m */; };
		A9082FB41B7D505400013CAF /* SpotActions.m in Sources */ = {isa = PBXBuildFile; fileRef = A9082FAF1B7D505400013CAF /* SpotActions.m */; };
		A9082FB71B7D544A00013CAF /* BetterSpotsCommon.m in Sources */ = {isa = PBXBuildFile; fileRef = A9082FB61B7D544A00013CAF /* BetterSpotsCommon.m */; };
		A9082FB81B7D544A00013CAF /* BetterSpotsCommon.m in Sources */ = {isa = PBXBuildFile; fileRef = A9082FB61B7D544A00013CAF /* BetterSpotsCommon.m */; };
		A9082FB91B7D544A00013CAF /* BetterSpotsCommon.m in Sources */ = {isa = PBXBuildFile; fileRef = A9082FB61B7D544A00013CAF /* BetterSpotsCommon.m */; };
		A9082FBA1B7D544A00013CAF /* BetterSpotsCommon.m in Sources */ = {isa = PBXBuildFile; fileRef = A9082FB61B7D544A00013CAF /* BetterSpotsCommon.m */; };
		A9082FBB1B7D544A00013CAF /* BetterSpotsCommon.m in Sources */ = {isa = PBXBuildFile; fileRef = A9082FB61B7D544A00013CAF /* BetterSpotsCommon.m */; };
		A9082FCC1B7E1EA900013CAF /* MyActivityIndicatorView.m in Sources */ = {isa = PBXBuildFile; fileRef = A9082FCB1B7E1EA900013CAF /* MyActivityIndicatorView.m */; };
		A9082FCD1B7E1EA900013CAF /* MyActivityIndicatorView.m in Sources */ = {isa = PBXBuildFile; fileRef = A9082FCB1B7E1EA900013CAF /* MyActivityIndicatorView.m */; };
		A9082FCE1B7E1EA900013CAF /* MyActivityIndicatorView.m in Sources */ = {isa = PBXBuildFile; fileRef = A9082FCB1B7E1EA900013CAF /* MyActivityIndicatorView.m */; };
		A9082FCF1B7E1EA900013CAF /* MyActivityIndicatorView.m in Sources */ = {isa = PBXBuildFile; fileRef = A9082FCB1B7E1EA900013CAF /* MyActivityIndicatorView.m */; };
		A9082FD01B7E1EA900013CAF /* MyActivityIndicatorView.m in Sources */ = {isa = PBXBuildFile; fileRef = A9082FCB1B7E1EA900013CAF /* MyActivityIndicatorView.m */; };
		A9082FD31B7E61BC00013CAF /* SpotDetailsMapViewController.m in Sources */ = {isa = PBXBuildFile; fileRef = A9082FD21B7E61BC00013CAF /* SpotDetailsMapViewController.m */; };
		A9082FD41B7E61BC00013CAF /* SpotDetailsMapViewController.m in Sources */ = {isa = PBXBuildFile; fileRef = A9082FD21B7E61BC00013CAF /* SpotDetailsMapViewController.m */; };
		A9082FD51B7E61BC00013CAF /* SpotDetailsMapViewController.m in Sources */ = {isa = PBXBuildFile; fileRef = A9082FD21B7E61BC00013CAF /* SpotDetailsMapViewController.m */; };
		A9082FD61B7E61BC00013CAF /* SpotDetailsMapViewController.m in Sources */ = {isa = PBXBuildFile; fileRef = A9082FD21B7E61BC00013CAF /* SpotDetailsMapViewController.m */; };
		A9082FD71B7E61BC00013CAF /* SpotDetailsMapViewController.m in Sources */ = {isa = PBXBuildFile; fileRef = A9082FD21B7E61BC00013CAF /* SpotDetailsMapViewController.m */; };
		A91C588A1B2E12F4009179E5 /* SpotsMapViewController.m in Sources */ = {isa = PBXBuildFile; fileRef = A948EE511B25D620007B108F /* SpotsMapViewController.m */; };
		A91C588B1B2E12F4009179E5 /* AppDelegate.m in Sources */ = {isa = PBXBuildFile; fileRef = A948EE4E1B25D620007B108F /* AppDelegate.m */; };
		A91C588C1B2E12F4009179E5 /* main.m in Sources */ = {isa = PBXBuildFile; fileRef = A948EE4B1B25D620007B108F /* main.m */; };
		A91C588E1B2E12F4009179E5 /* libPods.a in Frameworks */ = {isa = PBXBuildFile; fileRef = 1F28A3A1DF44F0D4144444CD /* libPods.a */; };
		A91C58901B2E12F4009179E5 /* Main.storyboard in Resources */ = {isa = PBXBuildFile; fileRef = A948EE531B25D620007B108F /* Main.storyboard */; };
		A91C58911B2E12F4009179E5 /* Media.xcassets in Resources */ = {isa = PBXBuildFile; fileRef = A9345E591B25E3CA00EB682C /* Media.xcassets */; };
		A91C58921B2E12F4009179E5 /* Podfile in Resources */ = {isa = PBXBuildFile; fileRef = A948EE6F1B25D818007B108F /* Podfile */; };
		A93851B31B87AA5A009AADF2 /* SpotListViewController.m in Sources */ = {isa = PBXBuildFile; fileRef = A93851B21B87AA5A009AADF2 /* SpotListViewController.m */; };
		A93851B41B87AA5A009AADF2 /* SpotListViewController.m in Sources */ = {isa = PBXBuildFile; fileRef = A93851B21B87AA5A009AADF2 /* SpotListViewController.m */; };
		A93851B51B87AA5A009AADF2 /* SpotListViewController.m in Sources */ = {isa = PBXBuildFile; fileRef = A93851B21B87AA5A009AADF2 /* SpotListViewController.m */; };
		A93851B61B87AA5A009AADF2 /* SpotListViewController.m in Sources */ = {isa = PBXBuildFile; fileRef = A93851B21B87AA5A009AADF2 /* SpotListViewController.m */; };
		A93851B71B87AA5A009AADF2 /* SpotListViewController.m in Sources */ = {isa = PBXBuildFile; fileRef = A93851B21B87AA5A009AADF2 /* SpotListViewController.m */; };
		A93851BA1B87AB95009AADF2 /* SpotCell.m in Sources */ = {isa = PBXBuildFile; fileRef = A93851B91B87AB95009AADF2 /* SpotCell.m */; };
		A93851BB1B87AB95009AADF2 /* SpotCell.m in Sources */ = {isa = PBXBuildFile; fileRef = A93851B91B87AB95009AADF2 /* SpotCell.m */; };
		A93851BC1B87AB95009AADF2 /* SpotCell.m in Sources */ = {isa = PBXBuildFile; fileRef = A93851B91B87AB95009AADF2 /* SpotCell.m */; };
		A93851BD1B87AB95009AADF2 /* SpotCell.m in Sources */ = {isa = PBXBuildFile; fileRef = A93851B91B87AB95009AADF2 /* SpotCell.m */; };
		A93851BE1B87AB95009AADF2 /* SpotCell.m in Sources */ = {isa = PBXBuildFile; fileRef = A93851B91B87AB95009AADF2 /* SpotCell.m */; };
		A93851C81B87B475009AADF2 /* MyManager.m in Sources */ = {isa = PBXBuildFile; fileRef = A93851C71B87B475009AADF2 /* MyManager.m */; };
		A93851C91B87B475009AADF2 /* MyManager.m in Sources */ = {isa = PBXBuildFile; fileRef = A93851C71B87B475009AADF2 /* MyManager.m */; };
		A93851CA1B87B475009AADF2 /* MyManager.m in Sources */ = {isa = PBXBuildFile; fileRef = A93851C71B87B475009AADF2 /* MyManager.m */; };
		A93851CB1B87B475009AADF2 /* MyManager.m in Sources */ = {isa = PBXBuildFile; fileRef = A93851C71B87B475009AADF2 /* MyManager.m */; };
		A93851CC1B87B475009AADF2 /* MyManager.m in Sources */ = {isa = PBXBuildFile; fileRef = A93851C71B87B475009AADF2 /* MyManager.m */; };
		A948EE661B25D621007B108F /* BetterSpotsTests.m in Sources */ = {isa = PBXBuildFile; fileRef = A948EE651B25D621007B108F /* BetterSpotsTests.m */; };
		A95D29C51B88D2C500848F1B /* FavouritesSpotListViewController.m in Sources */ = {isa = PBXBuildFile; fileRef = A95D29C41B88D2C500848F1B /* FavouritesSpotListViewController.m */; };
		A95D29C61B88D2C500848F1B /* FavouritesSpotListViewController.m in Sources */ = {isa = PBXBuildFile; fileRef = A95D29C41B88D2C500848F1B /* FavouritesSpotListViewController.m */; };
		A95D29C71B88D2C500848F1B /* FavouritesSpotListViewController.m in Sources */ = {isa = PBXBuildFile; fileRef = A95D29C41B88D2C500848F1B /* FavouritesSpotListViewController.m */; };
		A95D29C81B88D2C500848F1B /* FavouritesSpotListViewController.m in Sources */ = {isa = PBXBuildFile; fileRef = A95D29C41B88D2C500848F1B /* FavouritesSpotListViewController.m */; };
		A95D29C91B88D2C500848F1B /* FavouritesSpotListViewController.m in Sources */ = {isa = PBXBuildFile; fileRef = A95D29C41B88D2C500848F1B /* FavouritesSpotListViewController.m */; };
		A95D29CB1B8A197500848F1B /* Lobster-Regular.ttf in Resources */ = {isa = PBXBuildFile; fileRef = A95D29CA1B8A197500848F1B /* Lobster-Regular.ttf */; };
		A95D29CC1B8A197500848F1B /* Lobster-Regular.ttf in Resources */ = {isa = PBXBuildFile; fileRef = A95D29CA1B8A197500848F1B /* Lobster-Regular.ttf */; };
		A95D29CD1B8A197500848F1B /* Lobster-Regular.ttf in Resources */ = {isa = PBXBuildFile; fileRef = A95D29CA1B8A197500848F1B /* Lobster-Regular.ttf */; };
		A95D29CE1B8A197500848F1B /* Lobster-Regular.ttf in Resources */ = {isa = PBXBuildFile; fileRef = A95D29CA1B8A197500848F1B /* Lobster-Regular.ttf */; };
		A95D29D11B8A4C7A00848F1B /* MoreAndSettingsViewController.m in Sources */ = {isa = PBXBuildFile; fileRef = A95D29D01B8A4C7A00848F1B /* MoreAndSettingsViewController.m */; };
		A95D29D21B8A4C7A00848F1B /* MoreAndSettingsViewController.m in Sources */ = {isa = PBXBuildFile; fileRef = A95D29D01B8A4C7A00848F1B /* MoreAndSettingsViewController.m */; };
		A95D29D31B8A4C7A00848F1B /* MoreAndSettingsViewController.m in Sources */ = {isa = PBXBuildFile; fileRef = A95D29D01B8A4C7A00848F1B /* MoreAndSettingsViewController.m */; };
		A95D29D41B8A4C7A00848F1B /* MoreAndSettingsViewController.m in Sources */ = {isa = PBXBuildFile; fileRef = A95D29D01B8A4C7A00848F1B /* MoreAndSettingsViewController.m */; };
		A96CFBB01B7B60AE003E1FC1 /* BetterSpotsUtils.m in Sources */ = {isa = PBXBuildFile; fileRef = A96CFBAF1B7B60AE003E1FC1 /* BetterSpotsUtils.m */; };
		A96CFBB11B7B60AE003E1FC1 /* BetterSpotsUtils.m in Sources */ = {isa = PBXBuildFile; fileRef = A96CFBAF1B7B60AE003E1FC1 /* BetterSpotsUtils.m */; };
		A96CFBB21B7B60AE003E1FC1 /* BetterSpotsUtils.m in Sources */ = {isa = PBXBuildFile; fileRef = A96CFBAF1B7B60AE003E1FC1 /* BetterSpotsUtils.m */; };
		A96CFBB31B7B60AE003E1FC1 /* BetterSpotsUtils.m in Sources */ = {isa = PBXBuildFile; fileRef = A96CFBAF1B7B60AE003E1FC1 /* BetterSpotsUtils.m */; };
		A96CFBB41B7B60AE003E1FC1 /* BetterSpotsUtils.m in Sources */ = {isa = PBXBuildFile; fileRef = A96CFBAF1B7B60AE003E1FC1 /* BetterSpotsUtils.m */; };
		A96FA4C91B7747B200BB5BBA /* VeganspotORGMedia.xcassets in Resources */ = {isa = PBXBuildFile; fileRef = A96FA4C81B7747B200BB5BBA /* VeganspotORGMedia.xcassets */; };
		A96FA4CA1B7747B200BB5BBA /* VeganspotORGMedia.xcassets in Resources */ = {isa = PBXBuildFile; fileRef = A96FA4C81B7747B200BB5BBA /* VeganspotORGMedia.xcassets */; };
		A96FA4CC1B7747C100BB5BBA /* MomspotEUMedia.xcassets in Resources */ = {isa = PBXBuildFile; fileRef = A96FA4CB1B7747C100BB5BBA /* MomspotEUMedia.xcassets */; };
		A96FA4CD1B7747C100BB5BBA /* MomspotEUMedia.xcassets in Resources */ = {isa = PBXBuildFile; fileRef = A96FA4CB1B7747C100BB5BBA /* MomspotEUMedia.xcassets */; };
		A96FA4CF1B7747D100BB5BBA /* DogspotEUMedia.xcassets in Resources */ = {isa = PBXBuildFile; fileRef = A96FA4CE1B7747D100BB5BBA /* DogspotEUMedia.xcassets */; };
		A96FA4D01B7747D100BB5BBA /* DogspotEUMedia.xcassets in Resources */ = {isa = PBXBuildFile; fileRef = A96FA4CE1B7747D100BB5BBA /* DogspotEUMedia.xcassets */; };
		A96FA4D21B77487A00BB5BBA /* EnabledspotEUMedia.xcassets in Resources */ = {isa = PBXBuildFile; fileRef = A96FA4D11B77487A00BB5BBA /* EnabledspotEUMedia.xcassets */; };
		A96FA4D31B77487A00BB5BBA /* EnabledspotEUMedia.xcassets in Resources */ = {isa = PBXBuildFile; fileRef = A96FA4D11B77487A00BB5BBA /* EnabledspotEUMedia.xcassets */; };
		A96FA4D61B77698000BB5BBA /* AddressBook.framework in Frameworks */ = {isa = PBXBuildFile; fileRef = A96FA4D41B77698000BB5BBA /* AddressBook.framework */; };
		A96FA4D71B77698000BB5BBA /* AddressBookUI.framework in Frameworks */ = {isa = PBXBuildFile; fileRef = A96FA4D51B77698000BB5BBA /* AddressBookUI.framework */; };
		A97DF5731B76A9CC004D0906 /* SpotsMapViewController.m in Sources */ = {isa = PBXBuildFile; fileRef = A948EE511B25D620007B108F /* SpotsMapViewController.m */; };
		A97DF5741B76A9CC004D0906 /* AppDelegate.m in Sources */ = {isa = PBXBuildFile; fileRef = A948EE4E1B25D620007B108F /* AppDelegate.m */; };
		A97DF5751B76A9CC004D0906 /* main.m in Sources */ = {isa = PBXBuildFile; fileRef = A948EE4B1B25D620007B108F /* main.m */; };
		A97DF5771B76A9CC004D0906 /* libPods.a in Frameworks */ = {isa = PBXBuildFile; fileRef = 1F28A3A1DF44F0D4144444CD /* libPods.a */; };
		A97DF5791B76A9CC004D0906 /* Main.storyboard in Resources */ = {isa = PBXBuildFile; fileRef = A948EE531B25D620007B108F /* Main.storyboard */; };
		A97DF57A1B76A9CC004D0906 /* Media.xcassets in Resources */ = {isa = PBXBuildFile; fileRef = A9345E591B25E3CA00EB682C /* Media.xcassets */; };
		A97DF57B1B76A9CC004D0906 /* Podfile in Resources */ = {isa = PBXBuildFile; fileRef = A948EE6F1B25D818007B108F /* Podfile */; };
		A99124551B2F1FF400BF9259 /* SpotsMapViewController.m in Sources */ = {isa = PBXBuildFile; fileRef = A948EE511B25D620007B108F /* SpotsMapViewController.m */; };
		A99124561B2F1FF400BF9259 /* AppDelegate.m in Sources */ = {isa = PBXBuildFile; fileRef = A948EE4E1B25D620007B108F /* AppDelegate.m */; };
		A99124571B2F1FF400BF9259 /* main.m in Sources */ = {isa = PBXBuildFile; fileRef = A948EE4B1B25D620007B108F /* main.m */; };
		A99124591B2F1FF400BF9259 /* libPods.a in Frameworks */ = {isa = PBXBuildFile; fileRef = 1F28A3A1DF44F0D4144444CD /* libPods.a */; };
		A991245B1B2F1FF400BF9259 /* Main.storyboard in Resources */ = {isa = PBXBuildFile; fileRef = A948EE531B25D620007B108F /* Main.storyboard */; };
		A991245C1B2F1FF400BF9259 /* Media.xcassets in Resources */ = {isa = PBXBuildFile; fileRef = A9345E591B25E3CA00EB682C /* Media.xcassets */; };
		A991245D1B2F1FF400BF9259 /* Podfile in Resources */ = {isa = PBXBuildFile; fileRef = A948EE6F1B25D818007B108F /* Podfile */; };
		A99124671B2F20C900BF9259 /* SpotsMapViewController.m in Sources */ = {isa = PBXBuildFile; fileRef = A948EE511B25D620007B108F /* SpotsMapViewController.m */; };
		A99124681B2F20C900BF9259 /* AppDelegate.m in Sources */ = {isa = PBXBuildFile; fileRef = A948EE4E1B25D620007B108F /* AppDelegate.m */; };
		A99124691B2F20C900BF9259 /* main.m in Sources */ = {isa = PBXBuildFile; fileRef = A948EE4B1B25D620007B108F /* main.m */; };
		A991246B1B2F20C900BF9259 /* libPods.a in Frameworks */ = {isa = PBXBuildFile; fileRef = 1F28A3A1DF44F0D4144444CD /* libPods.a */; };
		A991246D1B2F20C900BF9259 /* Main.storyboard in Resources */ = {isa = PBXBuildFile; fileRef = A948EE531B25D620007B108F /* Main.storyboard */; };
		A991246E1B2F20C900BF9259 /* Media.xcassets in Resources */ = {isa = PBXBuildFile; fileRef = A9345E591B25E3CA00EB682C /* Media.xcassets */; };
		A991246F1B2F20C900BF9259 /* Podfile in Resources */ = {isa = PBXBuildFile; fileRef = A948EE6F1B25D818007B108F /* Podfile */; };
		A995A3011B7A950C00CC50BB /* SpotDetailsViewController.m in Sources */ = {isa = PBXBuildFile; fileRef = A995A3001B7A950C00CC50BB /* SpotDetailsViewController.m */; };
		A995A3021B7A950C00CC50BB /* SpotDetailsViewController.m in Sources */ = {isa = PBXBuildFile; fileRef = A995A3001B7A950C00CC50BB /* SpotDetailsViewController.m */; };
		A995A3031B7A950C00CC50BB /* SpotDetailsViewController.m in Sources */ = {isa = PBXBuildFile; fileRef = A995A3001B7A950C00CC50BB /* SpotDetailsViewController.m */; };
		A995A3041B7A950C00CC50BB /* SpotDetailsViewController.m in Sources */ = {isa = PBXBuildFile; fileRef = A995A3001B7A950C00CC50BB /* SpotDetailsViewController.m */; };
		A995A3051B7A950C00CC50BB /* SpotDetailsViewController.m in Sources */ = {isa = PBXBuildFile; fileRef = A995A3001B7A950C00CC50BB /* SpotDetailsViewController.m */; };
		A9A761031B7BF7D500C9D28A /* Reachability.m in Sources */ = {isa = PBXBuildFile; fileRef = A9A761021B7BF7D500C9D28A /* Reachability.m */; };
		A9A761041B7BF7D500C9D28A /* Reachability.m in Sources */ = {isa = PBXBuildFile; fileRef = A9A761021B7BF7D500C9D28A /* Reachability.m */; };
		A9A761051B7BF7D500C9D28A /* Reachability.m in Sources */ = {isa = PBXBuildFile; fileRef = A9A761021B7BF7D500C9D28A /* Reachability.m */; };
		A9A761061B7BF7D500C9D28A /* Reachability.m in Sources */ = {isa = PBXBuildFile; fileRef = A9A761021B7BF7D500C9D28A /* Reachability.m */; };
		A9A761071B7BF7D500C9D28A /* Reachability.m in Sources */ = {isa = PBXBuildFile; fileRef = A9A761021B7BF7D500C9D28A /* Reachability.m */; };
		A9B6C6D61B7CC106000DB4B6 /* glyphicons-regular.ttf in Resources */ = {isa = PBXBuildFile; fileRef = A9B6C6D01B7CC106000DB4B6 /* glyphicons-regular.ttf */; };
		A9B6C6D71B7CC106000DB4B6 /* glyphicons-regular.ttf in Resources */ = {isa = PBXBuildFile; fileRef = A9B6C6D01B7CC106000DB4B6 /* glyphicons-regular.ttf */; };
		A9B6C6D81B7CC106000DB4B6 /* glyphicons-regular.ttf in Resources */ = {isa = PBXBuildFile; fileRef = A9B6C6D01B7CC106000DB4B6 /* glyphicons-regular.ttf */; };
		A9B6C6D91B7CC106000DB4B6 /* glyphicons-regular.ttf in Resources */ = {isa = PBXBuildFile; fileRef = A9B6C6D01B7CC106000DB4B6 /* glyphicons-regular.ttf */; };
		A9B6C6DA1B7CC106000DB4B6 /* glyphicons-regular.ttf in Resources */ = {isa = PBXBuildFile; fileRef = A9B6C6D01B7CC106000DB4B6 /* glyphicons-regular.ttf */; };
		A9B6C6DC1B7CC4AD000DB4B6 /* fontawesome-webfont.ttf in Resources */ = {isa = PBXBuildFile; fileRef = A9B6C6DB1B7CC4AD000DB4B6 /* fontawesome-webfont.ttf */; };
		A9B6C6DD1B7CC4AD000DB4B6 /* fontawesome-webfont.ttf in Resources */ = {isa = PBXBuildFile; fileRef = A9B6C6DB1B7CC4AD000DB4B6 /* fontawesome-webfont.ttf */; };
		A9B6C6DE1B7CC4AD000DB4B6 /* fontawesome-webfont.ttf in Resources */ = {isa = PBXBuildFile; fileRef = A9B6C6DB1B7CC4AD000DB4B6 /* fontawesome-webfont.ttf */; };
		A9B6C6DF1B7CC4AD000DB4B6 /* fontawesome-webfont.ttf in Resources */ = {isa = PBXBuildFile; fileRef = A9B6C6DB1B7CC4AD000DB4B6 /* fontawesome-webfont.ttf */; };
		A9B6C6E01B7CC4AD000DB4B6 /* fontawesome-webfont.ttf in Resources */ = {isa = PBXBuildFile; fileRef = A9B6C6DB1B7CC4AD000DB4B6 /* fontawesome-webfont.ttf */; };
/* End PBXBuildFile section */

/* Begin PBXFileReference section */
		06D1BCE2DD118008398C1BF6 /* Pods.release.xcconfig */ = {isa = PBXFileReference; includeInIndex = 1; lastKnownFileType = text.xcconfig; name = Pods.release.xcconfig; path = "Pods/Target Support Files/Pods/Pods.release.xcconfig"; sourceTree = "<group>"; };
		1F28A3A1DF44F0D4144444CD /* libPods.a */ = {isa = PBXFileReference; explicitFileType = archive.ar; includeInIndex = 0; path = libPods.a; sourceTree = BUILT_PRODUCTS_DIR; };
		9EA356E227CF230850943D3E /* Pods.debug.xcconfig */ = {isa = PBXFileReference; includeInIndex = 1; lastKnownFileType = text.xcconfig; name = Pods.debug.xcconfig; path = "Pods/Target Support Files/Pods/Pods.debug.xcconfig"; sourceTree = "<group>"; };
		A9082FAE1B7D505400013CAF /* SpotActions.h */ = {isa = PBXFileReference; fileEncoding = 4; lastKnownFileType = sourcecode.c.h; path = SpotActions.h; sourceTree = "<group>"; };
		A9082FAF1B7D505400013CAF /* SpotActions.m */ = {isa = PBXFileReference; fileEncoding = 4; lastKnownFileType = sourcecode.c.objc; path = SpotActions.m; sourceTree = "<group>"; };
		A9082FB51B7D544A00013CAF /* BetterSpotsCommon.h */ = {isa = PBXFileReference; fileEncoding = 4; lastKnownFileType = sourcecode.c.h; path = BetterSpotsCommon.h; sourceTree = "<group>"; };
		A9082FB61B7D544A00013CAF /* BetterSpotsCommon.m */ = {isa = PBXFileReference; fileEncoding = 4; lastKnownFileType = sourcecode.c.objc; path = BetterSpotsCommon.m; sourceTree = "<group>"; };
		A9082FCA1B7E1EA900013CAF /* MyActivityIndicatorView.h */ = {isa = PBXFileReference; fileEncoding = 4; lastKnownFileType = sourcecode.c.h; path = MyActivityIndicatorView.h; sourceTree = "<group>"; };
		A9082FCB1B7E1EA900013CAF /* MyActivityIndicatorView.m */ = {isa = PBXFileReference; fileEncoding = 4; lastKnownFileType = sourcecode.c.objc; path = MyActivityIndicatorView.m; sourceTree = "<group>"; };
		A9082FD11B7E61BC00013CAF /* SpotDetailsMapViewController.h */ = {isa = PBXFileReference; fileEncoding = 4; lastKnownFileType = sourcecode.c.h; path = SpotDetailsMapViewController.h; sourceTree = "<group>"; };
		A9082FD21B7E61BC00013CAF /* SpotDetailsMapViewController.m */ = {isa = PBXFileReference; fileEncoding = 4; lastKnownFileType = sourcecode.c.objc; path = SpotDetailsMapViewController.m; sourceTree = "<group>"; };
		A91C58971B2E12F4009179E5 /* EnabledspotEU.app */ = {isa = PBXFileReference; explicitFileType = wrapper.application; includeInIndex = 0; path = EnabledspotEU.app; sourceTree = BUILT_PRODUCTS_DIR; };
		A91C58981B2E12F5009179E5 /* EnabledspotEU.plist */ = {isa = PBXFileReference; lastKnownFileType = text.plist; name = EnabledspotEU.plist; path = /Users/andi/IOS/BetterSpots/EnabledspotEU.plist; sourceTree = "<absolute>"; };
		A9345E591B25E3CA00EB682C /* Media.xcassets */ = {isa = PBXFileReference; lastKnownFileType = folder.assetcatalog; name = Media.xcassets; path = ../Media.xcassets; sourceTree = "<group>"; };
		A93851B11B87AA5A009AADF2 /* SpotListViewController.h */ = {isa = PBXFileReference; fileEncoding = 4; lastKnownFileType = sourcecode.c.h; path = SpotListViewController.h; sourceTree = "<group>"; };
		A93851B21B87AA5A009AADF2 /* SpotListViewController.m */ = {isa = PBXFileReference; fileEncoding = 4; lastKnownFileType = sourcecode.c.objc; path = SpotListViewController.m; sourceTree = "<group>"; };
		A93851B81B87AB95009AADF2 /* SpotCell.h */ = {isa = PBXFileReference; fileEncoding = 4; lastKnownFileType = sourcecode.c.h; path = SpotCell.h; sourceTree = "<group>"; };
		A93851B91B87AB95009AADF2 /* SpotCell.m */ = {isa = PBXFileReference; fileEncoding = 4; lastKnownFileType = sourcecode.c.objc; path = SpotCell.m; sourceTree = "<group>"; };
		A93851C61B87B475009AADF2 /* MyManager.h */ = {isa = PBXFileReference; fileEncoding = 4; lastKnownFileType = sourcecode.c.h; path = MyManager.h; sourceTree = "<group>"; };
		A93851C71B87B475009AADF2 /* MyManager.m */ = {isa = PBXFileReference; fileEncoding = 4; lastKnownFileType = sourcecode.c.objc; path = MyManager.m; sourceTree = "<group>"; };
		A93851CD1B87D276009AADF2 /* libSDWebImage.a */ = {isa = PBXFileReference; lastKnownFileType = archive.ar; name = libSDWebImage.a; path = "Pods/../build/Debug-iphoneos/libSDWebImage.a"; sourceTree = "<group>"; };
		A93851CE1B87D276009AADF2 /* libSVWebViewController.a */ = {isa = PBXFileReference; lastKnownFileType = archive.ar; name = libSVWebViewController.a; path = "Pods/../build/Debug-iphoneos/libSVWebViewController.a"; sourceTree = "<group>"; };
		A948EE4B1B25D620007B108F /* main.m */ = {isa = PBXFileReference; lastKnownFileType = sourcecode.c.objc; path = main.m; sourceTree = "<group>"; };
		A948EE4D1B25D620007B108F /* AppDelegate.h */ = {isa = PBXFileReference; lastKnownFileType = sourcecode.c.h; path = AppDelegate.h; sourceTree = "<group>"; };
		A948EE4E1B25D620007B108F /* AppDelegate.m */ = {isa = PBXFileReference; lastKnownFileType = sourcecode.c.objc; path = AppDelegate.m; sourceTree = "<group>"; };
		A948EE501B25D620007B108F /* SpotsMapViewController.h */ = {isa = PBXFileReference; lastKnownFileType = sourcecode.c.h; path = SpotsMapViewController.h; sourceTree = "<group>"; };
		A948EE511B25D620007B108F /* SpotsMapViewController.m */ = {isa = PBXFileReference; lastKnownFileType = sourcecode.c.objc; path = SpotsMapViewController.m; sourceTree = "<group>"; };
		A948EE541B25D620007B108F /* Base */ = {isa = PBXFileReference; lastKnownFileType = file.storyboard; name = Base; path = Base.lproj/Main.storyboard; sourceTree = "<group>"; };
		A948EE5F1B25D621007B108F /* BetterSpotsTests.xctest */ = {isa = PBXFileReference; explicitFileType = wrapper.cfbundle; includeInIndex = 0; path = BetterSpotsTests.xctest; sourceTree = BUILT_PRODUCTS_DIR; };
		A948EE641B25D621007B108F /* Info.plist */ = {isa = PBXFileReference; lastKnownFileType = text.plist.xml; path = Info.plist; sourceTree = "<group>"; };
		A948EE651B25D621007B108F /* BetterSpotsTests.m */ = {isa = PBXFileReference; lastKnownFileType = sourcecode.c.objc; path = BetterSpotsTests.m; sourceTree = "<group>"; };
		A948EE6F1B25D818007B108F /* Podfile */ = {isa = PBXFileReference; fileEncoding = 4; lastKnownFileType = text; path = Podfile; sourceTree = "<group>"; xcLanguageSpecificationIdentifier = xcode.lang.ruby; };
		A95D29C31B88D2C500848F1B /* FavouritesSpotListViewController.h */ = {isa = PBXFileReference; fileEncoding = 4; lastKnownFileType = sourcecode.c.h; path = FavouritesSpotListViewController.h; sourceTree = "<group>"; };
		A95D29C41B88D2C500848F1B /* FavouritesSpotListViewController.m */ = {isa = PBXFileReference; fileEncoding = 4; lastKnownFileType = sourcecode.c.objc; path = FavouritesSpotListViewController.m; sourceTree = "<group>"; };
		A95D29CA1B8A197500848F1B /* Lobster-Regular.ttf */ = {isa = PBXFileReference; lastKnownFileType = file; path = "Lobster-Regular.ttf"; sourceTree = "<group>"; };
		A95D29CF1B8A4C7A00848F1B /* MoreAndSettingsViewController.h */ = {isa = PBXFileReference; fileEncoding = 4; lastKnownFileType = sourcecode.c.h; path = MoreAndSettingsViewController.h; sourceTree = "<group>"; };
		A95D29D01B8A4C7A00848F1B /* MoreAndSettingsViewController.m */ = {isa = PBXFileReference; fileEncoding = 4; lastKnownFileType = sourcecode.c.objc; path = MoreAndSettingsViewController.m; sourceTree = "<group>"; };
		A96CFBAE1B7B60AE003E1FC1 /* BetterSpotsUtils.h */ = {isa = PBXFileReference; fileEncoding = 4; lastKnownFileType = sourcecode.c.h; path = BetterSpotsUtils.h; sourceTree = "<group>"; };
		A96CFBAF1B7B60AE003E1FC1 /* BetterSpotsUtils.m */ = {isa = PBXFileReference; fileEncoding = 4; lastKnownFileType = sourcecode.c.objc; path = BetterSpotsUtils.m; sourceTree = "<group>"; };
		A96FA4B31B77465000BB5BBA /* GLKit.framework */ = {isa = PBXFileReference; lastKnownFileType = wrapper.framework; name = GLKit.framework; path = System/Library/Frameworks/GLKit.framework; sourceTree = SDKROOT; };
		A96FA4B51B77467100BB5BBA /* ImageIO.framework */ = {isa = PBXFileReference; lastKnownFileType = wrapper.framework; name = ImageIO.framework; path = System/Library/Frameworks/ImageIO.framework; sourceTree = SDKROOT; };
		A96FA4B71B77468300BB5BBA /* UIKit.framework */ = {isa = PBXFileReference; lastKnownFileType = wrapper.framework; name = UIKit.framework; path = System/Library/Frameworks/UIKit.framework; sourceTree = SDKROOT; };
		A96FA4B91B77469000BB5BBA /* libc++.dylib */ = {isa = PBXFileReference; lastKnownFileType = "compiled.mach-o.dylib"; name = "libc++.dylib"; path = "usr/lib/libc++.dylib"; sourceTree = SDKROOT; };
		A96FA4BB1B7746A800BB5BBA /* Foundation.framework */ = {isa = PBXFileReference; lastKnownFileType = wrapper.framework; name = Foundation.framework; path = System/Library/Frameworks/Foundation.framework; sourceTree = SDKROOT; };
		A96FA4BD1B7746B300BB5BBA /* OpenGLES.framework */ = {isa = PBXFileReference; lastKnownFileType = wrapper.framework; name = OpenGLES.framework; path = System/Library/Frameworks/OpenGLES.framework; sourceTree = SDKROOT; };
		A96FA4BF1B7746E800BB5BBA /* libicucore.dylib */ = {isa = PBXFileReference; lastKnownFileType = "compiled.mach-o.dylib"; name = libicucore.dylib; path = usr/lib/libicucore.dylib; sourceTree = SDKROOT; };
		A96FA4C11B7746EF00BB5BBA /* libz.dylib */ = {isa = PBXFileReference; lastKnownFileType = "compiled.mach-o.dylib"; name = libz.dylib; path = usr/lib/libz.dylib; sourceTree = SDKROOT; };
		A96FA4C31B7746FA00BB5BBA /* QuartzCore.framework */ = {isa = PBXFileReference; lastKnownFileType = wrapper.framework; name = QuartzCore.framework; path = System/Library/Frameworks/QuartzCore.framework; sourceTree = SDKROOT; };
		A96FA4C81B7747B200BB5BBA /* VeganspotORGMedia.xcassets */ = {isa = PBXFileReference; lastKnownFileType = folder.assetcatalog; path = VeganspotORGMedia.xcassets; sourceTree = "<group>"; };
		A96FA4CB1B7747C100BB5BBA /* MomspotEUMedia.xcassets */ = {isa = PBXFileReference; lastKnownFileType = folder.assetcatalog; path = MomspotEUMedia.xcassets; sourceTree = "<group>"; };
		A96FA4CE1B7747D100BB5BBA /* DogspotEUMedia.xcassets */ = {isa = PBXFileReference; lastKnownFileType = folder.assetcatalog; path = DogspotEUMedia.xcassets; sourceTree = "<group>"; };
		A96FA4D11B77487A00BB5BBA /* EnabledspotEUMedia.xcassets */ = {isa = PBXFileReference; lastKnownFileType = folder.assetcatalog; path = EnabledspotEUMedia.xcassets; sourceTree = "<group>"; };
		A96FA4D41B77698000BB5BBA /* AddressBook.framework */ = {isa = PBXFileReference; lastKnownFileType = wrapper.framework; name = AddressBook.framework; path = System/Library/Frameworks/AddressBook.framework; sourceTree = SDKROOT; };
		A96FA4D51B77698000BB5BBA /* AddressBookUI.framework */ = {isa = PBXFileReference; lastKnownFileType = wrapper.framework; name = AddressBookUI.framework; path = System/Library/Frameworks/AddressBookUI.framework; sourceTree = SDKROOT; };
		A97DF5801B76A9CC004D0906 /* DogspotEU.app */ = {isa = PBXFileReference; explicitFileType = wrapper.application; includeInIndex = 0; path = DogspotEU.app; sourceTree = BUILT_PRODUCTS_DIR; };
		A97DF5811B76A9CC004D0906 /* DogspotEU.plist */ = {isa = PBXFileReference; lastKnownFileType = text.plist.xml; name = DogspotEU.plist; path = /Users/andi/Spots/BetterSpots/DogspotEU.plist; sourceTree = "<absolute>"; };
		A99124621B2F1FF400BF9259 /* VeganspotORG.app */ = {isa = PBXFileReference; explicitFileType = wrapper.application; includeInIndex = 0; path = VeganspotORG.app; sourceTree = BUILT_PRODUCTS_DIR; };
		A99124631B2F1FF400BF9259 /* VeganspotORG.plist */ = {isa = PBXFileReference; lastKnownFileType = text.plist; name = VeganspotORG.plist; path = /Users/andi/IOS/BetterSpots/VeganspotORG.plist; sourceTree = "<absolute>"; };
		A99124741B2F20C900BF9259 /* MomspotEU.app */ = {isa = PBXFileReference; explicitFileType = wrapper.application; includeInIndex = 0; path = MomspotEU.app; sourceTree = BUILT_PRODUCTS_DIR; };
		A995A2FF1B7A950C00CC50BB /* SpotDetailsViewController.h */ = {isa = PBXFileReference; fileEncoding = 4; lastKnownFileType = sourcecode.c.h; path = SpotDetailsViewController.h; sourceTree = "<group>"; };
		A995A3001B7A950C00CC50BB /* SpotDetailsViewController.m */ = {isa = PBXFileReference; fileEncoding = 4; lastKnownFileType = sourcecode.c.objc; path = SpotDetailsViewController.m; sourceTree = "<group>"; };
		A9A761011B7BF7D500C9D28A /* Reachability.h */ = {isa = PBXFileReference; fileEncoding = 4; lastKnownFileType = sourcecode.c.h; path = Reachability.h; sourceTree = "<group>"; };
		A9A761021B7BF7D500C9D28A /* Reachability.m */ = {isa = PBXFileReference; fileEncoding = 4; lastKnownFileType = sourcecode.c.objc; path = Reachability.m; sourceTree = "<group>"; };
		A9B6C6D01B7CC106000DB4B6 /* glyphicons-regular.ttf */ = {isa = PBXFileReference; lastKnownFileType = file; path = "glyphicons-regular.ttf"; sourceTree = "<group>"; };
		A9B6C6DB1B7CC4AD000DB4B6 /* fontawesome-webfont.ttf */ = {isa = PBXFileReference; lastKnownFileType = file; path = "fontawesome-webfont.ttf"; sourceTree = "<group>"; };
		A9D25A3F1B2B807000AF8DAE /* libPods.a */ = {isa = PBXFileReference; lastKnownFileType = archive.ar; name = libPods.a; path = "Pods/../build/Debug-iphoneos/libPods.a"; sourceTree = "<group>"; };
		A9D25A521B2D74CE00AF8DAE /* MomspotEU.plist */ = {isa = PBXFileReference; lastKnownFileType = text.plist; name = MomspotEU.plist; path = /Users/andi/IOS/BetterSpots/MomspotEU.plist; sourceTree = "<absolute>"; };
		A9DBBE041B77427000F1BE57 /* CoreGraphics.framework */ = {isa = PBXFileReference; lastKnownFileType = wrapper.framework; name = CoreGraphics.framework; path = System/Library/Frameworks/CoreGraphics.framework; sourceTree = SDKROOT; };
/* End PBXFileReference section */

/* Begin PBXFrameworksBuildPhase section */
		A91C588D1B2E12F4009179E5 /* Frameworks */ = {
			isa = PBXFrameworksBuildPhase;
			buildActionMask = 2147483647;
			files = (
				A91C588E1B2E12F4009179E5 /* libPods.a in Frameworks */,
			);
			runOnlyForDeploymentPostprocessing = 0;
		};
		A948EE5C1B25D621007B108F /* Frameworks */ = {
			isa = PBXFrameworksBuildPhase;
			buildActionMask = 2147483647;
			files = (
				827BF2BD4AD952205C2E7D83 /* libPods.a in Frameworks */,
			);
			runOnlyForDeploymentPostprocessing = 0;
		};
		A97DF5761B76A9CC004D0906 /* Frameworks */ = {
			isa = PBXFrameworksBuildPhase;
			buildActionMask = 2147483647;
			files = (
				A96FA4D61B77698000BB5BBA /* AddressBook.framework in Frameworks */,
				A96FA4D71B77698000BB5BBA /* AddressBookUI.framework in Frameworks */,
				A97DF5771B76A9CC004D0906 /* libPods.a in Frameworks */,
			);
			runOnlyForDeploymentPostprocessing = 0;
		};
		A99124581B2F1FF400BF9259 /* Frameworks */ = {
			isa = PBXFrameworksBuildPhase;
			buildActionMask = 2147483647;
			files = (
				A99124591B2F1FF400BF9259 /* libPods.a in Frameworks */,
			);
			runOnlyForDeploymentPostprocessing = 0;
		};
		A991246A1B2F20C900BF9259 /* Frameworks */ = {
			isa = PBXFrameworksBuildPhase;
			buildActionMask = 2147483647;
			files = (
				A991246B1B2F20C900BF9259 /* libPods.a in Frameworks */,
			);
			runOnlyForDeploymentPostprocessing = 0;
		};
/* End PBXFrameworksBuildPhase section */

/* Begin PBXGroup section */
		16E7ECA3811DB79A33AEC7D7 /* Pods */ = {
			isa = PBXGroup;
			children = (
				9EA356E227CF230850943D3E /* Pods.debug.xcconfig */,
				06D1BCE2DD118008398C1BF6 /* Pods.release.xcconfig */,
			);
			name = Pods;
			sourceTree = "<group>";
		};
		175B526FF794203C62EFB31B /* Frameworks */ = {
			isa = PBXGroup;
			children = (
				A93851CD1B87D276009AADF2 /* libSDWebImage.a */,
				A93851CE1B87D276009AADF2 /* libSVWebViewController.a */,
				A96FA4D41B77698000BB5BBA /* AddressBook.framework */,
				A96FA4D51B77698000BB5BBA /* AddressBookUI.framework */,
				A96FA4C31B7746FA00BB5BBA /* QuartzCore.framework */,
				A96FA4C11B7746EF00BB5BBA /* libz.dylib */,
				A96FA4BF1B7746E800BB5BBA /* libicucore.dylib */,
				A96FA4BD1B7746B300BB5BBA /* OpenGLES.framework */,
				A96FA4BB1B7746A800BB5BBA /* Foundation.framework */,
				A96FA4B91B77469000BB5BBA /* libc++.dylib */,
				A96FA4B71B77468300BB5BBA /* UIKit.framework */,
				A96FA4B51B77467100BB5BBA /* ImageIO.framework */,
				A96FA4B31B77465000BB5BBA /* GLKit.framework */,
				A9DBBE041B77427000F1BE57 /* CoreGraphics.framework */,
				A9D25A3F1B2B807000AF8DAE /* libPods.a */,
				1F28A3A1DF44F0D4144444CD /* libPods.a */,
			);
			name = Frameworks;
			sourceTree = "<group>";
		};
		A948EE3D1B25D620007B108F = {
			isa = PBXGroup;
			children = (
				A948EE6F1B25D818007B108F /* Podfile */,
				A948EE481B25D620007B108F /* BetterSpots */,
				A948EE621B25D621007B108F /* BetterSpotsTests */,
				A948EE471B25D620007B108F /* Products */,
				16E7ECA3811DB79A33AEC7D7 /* Pods */,
				175B526FF794203C62EFB31B /* Frameworks */,
				A9D25A521B2D74CE00AF8DAE /* MomspotEU.plist */,
				A91C58981B2E12F5009179E5 /* EnabledspotEU.plist */,
				A99124631B2F1FF400BF9259 /* VeganspotORG.plist */,
				A97DF5811B76A9CC004D0906 /* DogspotEU.plist */,
			);
			sourceTree = "<group>";
		};
		A948EE471B25D620007B108F /* Products */ = {
			isa = PBXGroup;
			children = (
				A948EE5F1B25D621007B108F /* BetterSpotsTests.xctest */,
				A91C58971B2E12F4009179E5 /* EnabledspotEU.app */,
				A99124621B2F1FF400BF9259 /* VeganspotORG.app */,
				A99124741B2F20C900BF9259 /* MomspotEU.app */,
				A97DF5801B76A9CC004D0906 /* DogspotEU.app */,
			);
			name = Products;
			sourceTree = "<group>";
		};
		A948EE481B25D620007B108F /* BetterSpots */ = {
			isa = PBXGroup;
			children = (
				A9B6C6CD1B7CC0B3000DB4B6 /* Resources */,
				A9A761011B7BF7D500C9D28A /* Reachability.h */,
				A9A761021B7BF7D500C9D28A /* Reachability.m */,
				A9345E591B25E3CA00EB682C /* Media.xcassets */,
				A948EE4D1B25D620007B108F /* AppDelegate.h */,
				A948EE4E1B25D620007B108F /* AppDelegate.m */,
				A948EE501B25D620007B108F /* SpotsMapViewController.h */,
				A948EE511B25D620007B108F /* SpotsMapViewController.m */,
				A948EE531B25D620007B108F /* Main.storyboard */,
				A948EE491B25D620007B108F /* Supporting Files */,
				A96FA4C81B7747B200BB5BBA /* VeganspotORGMedia.xcassets */,
				A96FA4CB1B7747C100BB5BBA /* MomspotEUMedia.xcassets */,
				A96FA4CE1B7747D100BB5BBA /* DogspotEUMedia.xcassets */,
				A96FA4D11B77487A00BB5BBA /* EnabledspotEUMedia.xcassets */,
				A995A2FF1B7A950C00CC50BB /* SpotDetailsViewController.h */,
				A995A3001B7A950C00CC50BB /* SpotDetailsViewController.m */,
				A96CFBAE1B7B60AE003E1FC1 /* BetterSpotsUtils.h */,
				A96CFBAF1B7B60AE003E1FC1 /* BetterSpotsUtils.m */,
				A9082FAE1B7D505400013CAF /* SpotActions.h */,
				A9082FAF1B7D505400013CAF /* SpotActions.m */,
				A9082FB51B7D544A00013CAF /* BetterSpotsCommon.h */,
				A9082FB61B7D544A00013CAF /* BetterSpotsCommon.m */,
				A9082FCA1B7E1EA900013CAF /* MyActivityIndicatorView.h */,
				A9082FCB1B7E1EA900013CAF /* MyActivityIndicatorView.m */,
				A9082FD11B7E61BC00013CAF /* SpotDetailsMapViewController.h */,
				A9082FD21B7E61BC00013CAF /* SpotDetailsMapViewController.m */,
				A93851B11B87AA5A009AADF2 /* SpotListViewController.h */,
				A93851B21B87AA5A009AADF2 /* SpotListViewController.m */,
				A93851B81B87AB95009AADF2 /* SpotCell.h */,
				A93851B91B87AB95009AADF2 /* SpotCell.m */,
				A93851C61B87B475009AADF2 /* MyManager.h */,
				A93851C71B87B475009AADF2 /* MyManager.m */,
				A95D29C31B88D2C500848F1B /* FavouritesSpotListViewController.h */,
				A95D29C41B88D2C500848F1B /* FavouritesSpotListViewController.m */,
				A95D29CF1B8A4C7A00848F1B /* MoreAndSettingsViewController.h */,
				A95D29D01B8A4C7A00848F1B /* MoreAndSettingsViewController.m */,
			);
			path = BetterSpots;
			sourceTree = "<group>";
		};
		A948EE491B25D620007B108F /* Supporting Files */ = {
			isa = PBXGroup;
			children = (
				A948EE4B1B25D620007B108F /* main.m */,
			);
			name = "Supporting Files";
			sourceTree = "<group>";
		};
		A948EE621B25D621007B108F /* BetterSpotsTests */ = {
			isa = PBXGroup;
			children = (
				A948EE651B25D621007B108F /* BetterSpotsTests.m */,
				A948EE631B25D621007B108F /* Supporting Files */,
			);
			path = BetterSpotsTests;
			sourceTree = "<group>";
		};
		A948EE631B25D621007B108F /* Supporting Files */ = {
			isa = PBXGroup;
			children = (
				A948EE641B25D621007B108F /* Info.plist */,
			);
			name = "Supporting Files";
			sourceTree = "<group>";
		};
		A9B6C6CD1B7CC0B3000DB4B6 /* Resources */ = {
			isa = PBXGroup;
			children = (
				A9B6C6CE1B7CC0C2000DB4B6 /* Fonts */,
			);
			name = Resources;
			sourceTree = "<group>";
		};
		A9B6C6CE1B7CC0C2000DB4B6 /* Fonts */ = {
			isa = PBXGroup;
			children = (
				A95D29CA1B8A197500848F1B /* Lobster-Regular.ttf */,
				A9B6C6DB1B7CC4AD000DB4B6 /* fontawesome-webfont.ttf */,
				A9B6C6D01B7CC106000DB4B6 /* glyphicons-regular.ttf */,
			);
			name = Fonts;
			sourceTree = "<group>";
		};
/* End PBXGroup section */

/* Begin PBXNativeTarget section */
		A91C58871B2E12F4009179E5 /* EnabledspotEU */ = {
			isa = PBXNativeTarget;
			buildConfigurationList = A91C58941B2E12F4009179E5 /* Build configuration list for PBXNativeTarget "EnabledspotEU" */;
			buildPhases = (
				A91C58881B2E12F4009179E5 /* Check Pods Manifest.lock */,
				A91C58891B2E12F4009179E5 /* Sources */,
				A91C588D1B2E12F4009179E5 /* Frameworks */,
				A91C588F1B2E12F4009179E5 /* Resources */,
				A91C58931B2E12F4009179E5 /* Copy Pods Resources */,
			);
			buildRules = (
			);
			dependencies = (
			);
			name = EnabledspotEU;
			productName = BetterSpots;
			productReference = A91C58971B2E12F4009179E5 /* EnabledspotEU.app */;
			productType = "com.apple.product-type.application";
		};
		A948EE5E1B25D621007B108F /* BetterSpotsTests */ = {
			isa = PBXNativeTarget;
			buildConfigurationList = A948EE6C1B25D621007B108F /* Build configuration list for PBXNativeTarget "BetterSpotsTests" */;
			buildPhases = (
				1C1B5007F9E41B7AD04A2C6D /* Check Pods Manifest.lock */,
				A948EE5B1B25D621007B108F /* Sources */,
				A948EE5C1B25D621007B108F /* Frameworks */,
				A948EE5D1B25D621007B108F /* Resources */,
				0DCAF9A8B28EF8D401611DBF /* Copy Pods Resources */,
			);
			buildRules = (
			);
			dependencies = (
			);
			name = BetterSpotsTests;
			productName = BetterSpotsTests;
			productReference = A948EE5F1B25D621007B108F /* BetterSpotsTests.xctest */;
			productType = "com.apple.product-type.bundle.unit-test";
		};
		A97DF5701B76A9CC004D0906 /* DogspotEU */ = {
			isa = PBXNativeTarget;
			buildConfigurationList = A97DF57D1B76A9CC004D0906 /* Build configuration list for PBXNativeTarget "DogspotEU" */;
			buildPhases = (
				A97DF5711B76A9CC004D0906 /* Check Pods Manifest.lock */,
				A97DF5721B76A9CC004D0906 /* Sources */,
				A97DF5761B76A9CC004D0906 /* Frameworks */,
				A97DF5781B76A9CC004D0906 /* Resources */,
				A97DF57C1B76A9CC004D0906 /* Copy Pods Resources */,
			);
			buildRules = (
			);
			dependencies = (
			);
			name = DogspotEU;
			productName = BetterSpots;
			productReference = A97DF5801B76A9CC004D0906 /* DogspotEU.app */;
			productType = "com.apple.product-type.application";
		};
		A99124521B2F1FF400BF9259 /* VeganspotORG */ = {
			isa = PBXNativeTarget;
			buildConfigurationList = A991245F1B2F1FF400BF9259 /* Build configuration list for PBXNativeTarget "VeganspotORG" */;
			buildPhases = (
				A99124531B2F1FF400BF9259 /* Check Pods Manifest.lock */,
				A99124541B2F1FF400BF9259 /* Sources */,
				A99124581B2F1FF400BF9259 /* Frameworks */,
				A991245A1B2F1FF400BF9259 /* Resources */,
				A991245E1B2F1FF400BF9259 /* Copy Pods Resources */,
			);
			buildRules = (
			);
			dependencies = (
			);
			name = VeganspotORG;
			productName = BetterSpots;
			productReference = A99124621B2F1FF400BF9259 /* VeganspotORG.app */;
			productType = "com.apple.product-type.application";
		};
		A99124641B2F20C900BF9259 /* MomspotEU */ = {
			isa = PBXNativeTarget;
			buildConfigurationList = A99124711B2F20C900BF9259 /* Build configuration list for PBXNativeTarget "MomspotEU" */;
			buildPhases = (
				A99124651B2F20C900BF9259 /* Check Pods Manifest.lock */,
				A99124661B2F20C900BF9259 /* Sources */,
				A991246A1B2F20C900BF9259 /* Frameworks */,
				A991246C1B2F20C900BF9259 /* Resources */,
				A99124701B2F20C900BF9259 /* Copy Pods Resources */,
			);
			buildRules = (
			);
			dependencies = (
			);
			name = MomspotEU;
			productName = BetterSpots;
			productReference = A99124741B2F20C900BF9259 /* MomspotEU.app */;
			productType = "com.apple.product-type.application";
		};
/* End PBXNativeTarget section */

/* Begin PBXProject section */
		A948EE3E1B25D620007B108F /* Project object */ = {
			isa = PBXProject;
			attributes = {
				LastUpgradeCheck = 0630;
				ORGANIZATIONNAME = "Andrzej Kostański";
				TargetAttributes = {
					A948EE5E1B25D621007B108F = {
						CreatedOnToolsVersion = 6.3;
						TestTargetID = A948EE451B25D620007B108F;
					};
				};
			};
			buildConfigurationList = A948EE411B25D620007B108F /* Build configuration list for PBXProject "BetterSpots" */;
			compatibilityVersion = "Xcode 3.2";
			developmentRegion = English;
			hasScannedForEncodings = 0;
			knownRegions = (
				en,
				Base,
			);
			mainGroup = A948EE3D1B25D620007B108F;
			productRefGroup = A948EE471B25D620007B108F /* Products */;
			projectDirPath = "";
			projectRoot = "";
			targets = (
				A948EE5E1B25D621007B108F /* BetterSpotsTests */,
				A91C58871B2E12F4009179E5 /* EnabledspotEU */,
				A99124521B2F1FF400BF9259 /* VeganspotORG */,
				A99124641B2F20C900BF9259 /* MomspotEU */,
				A97DF5701B76A9CC004D0906 /* DogspotEU */,
			);
		};
/* End PBXProject section */

/* Begin PBXResourcesBuildPhase section */
		A91C588F1B2E12F4009179E5 /* Resources */ = {
			isa = PBXResourcesBuildPhase;
			buildActionMask = 2147483647;
			files = (
				A91C58901B2E12F4009179E5 /* Main.storyboard in Resources */,
				A9B6C6D71B7CC106000DB4B6 /* glyphicons-regular.ttf in Resources */,
				A91C58911B2E12F4009179E5 /* Media.xcassets in Resources */,
				A95D29CB1B8A197500848F1B /* Lobster-Regular.ttf in Resources */,
				A9B6C6DD1B7CC4AD000DB4B6 /* fontawesome-webfont.ttf in Resources */,
				A96FA4D31B77487A00BB5BBA /* EnabledspotEUMedia.xcassets in Resources */,
				A91C58921B2E12F4009179E5 /* Podfile in Resources */,
			);
			runOnlyForDeploymentPostprocessing = 0;
		};
		A948EE5D1B25D621007B108F /* Resources */ = {
			isa = PBXResourcesBuildPhase;
			buildActionMask = 2147483647;
			files = (
				A96FA4CF1B7747D100BB5BBA /* DogspotEUMedia.xcassets in Resources */,
				A9B6C6D61B7CC106000DB4B6 /* glyphicons-regular.ttf in Resources */,
				A96FA4CC1B7747C100BB5BBA /* MomspotEUMedia.xcassets in Resources */,
				A9B6C6DC1B7CC4AD000DB4B6 /* fontawesome-webfont.ttf in Resources */,
				A96FA4D21B77487A00BB5BBA /* EnabledspotEUMedia.xcassets in Resources */,
				A96FA4C91B7747B200BB5BBA /* VeganspotORGMedia.xcassets in Resources */,
			);
			runOnlyForDeploymentPostprocessing = 0;
		};
		A97DF5781B76A9CC004D0906 /* Resources */ = {
			isa = PBXResourcesBuildPhase;
			buildActionMask = 2147483647;
			files = (
				A97DF5791B76A9CC004D0906 /* Main.storyboard in Resources */,
				A9B6C6DA1B7CC106000DB4B6 /* glyphicons-regular.ttf in Resources */,
				A96FA4D01B7747D100BB5BBA /* DogspotEUMedia.xcassets in Resources */,
				A95D29CE1B8A197500848F1B /* Lobster-Regular.ttf in Resources */,
				A9B6C6E01B7CC4AD000DB4B6 /* fontawesome-webfont.ttf in Resources */,
				A97DF57A1B76A9CC004D0906 /* Media.xcassets in Resources */,
				A97DF57B1B76A9CC004D0906 /* Podfile in Resources */,
			);
			runOnlyForDeploymentPostprocessing = 0;
		};
		A991245A1B2F1FF400BF9259 /* Resources */ = {
			isa = PBXResourcesBuildPhase;
			buildActionMask = 2147483647;
			files = (
				A991245B1B2F1FF400BF9259 /* Main.storyboard in Resources */,
				A9B6C6D81B7CC106000DB4B6 /* glyphicons-regular.ttf in Resources */,
				A96FA4CA1B7747B200BB5BBA /* VeganspotORGMedia.xcassets in Resources */,
				A95D29CC1B8A197500848F1B /* Lobster-Regular.ttf in Resources */,
				A9B6C6DE1B7CC4AD000DB4B6 /* fontawesome-webfont.ttf in Resources */,
				A991245C1B2F1FF400BF9259 /* Media.xcassets in Resources */,
				A991245D1B2F1FF400BF9259 /* Podfile in Resources */,
			);
			runOnlyForDeploymentPostprocessing = 0;
		};
		A991246C1B2F20C900BF9259 /* Resources */ = {
			isa = PBXResourcesBuildPhase;
			buildActionMask = 2147483647;
			files = (
				A96FA4CD1B7747C100BB5BBA /* MomspotEUMedia.xcassets in Resources */,
				A9B6C6D91B7CC106000DB4B6 /* glyphicons-regular.ttf in Resources */,
				A991246D1B2F20C900BF9259 /* Main.storyboard in Resources */,
				A95D29CD1B8A197500848F1B /* Lobster-Regular.ttf in Resources */,
				A9B6C6DF1B7CC4AD000DB4B6 /* fontawesome-webfont.ttf in Resources */,
				A991246E1B2F20C900BF9259 /* Media.xcassets in Resources */,
				A991246F1B2F20C900BF9259 /* Podfile in Resources */,
			);
			runOnlyForDeploymentPostprocessing = 0;
		};
/* End PBXResourcesBuildPhase section */

/* Begin PBXShellScriptBuildPhase section */
		0DCAF9A8B28EF8D401611DBF /* Copy Pods Resources */ = {
			isa = PBXShellScriptBuildPhase;
			buildActionMask = 2147483647;
			files = (
			);
			inputPaths = (
			);
			name = "Copy Pods Resources";
			outputPaths = (
			);
			runOnlyForDeploymentPostprocessing = 0;
			shellPath = /bin/sh;
			shellScript = "\"${SRCROOT}/Pods/Target Support Files/Pods/Pods-resources.sh\"\n";
			showEnvVarsInLog = 0;
		};
		1C1B5007F9E41B7AD04A2C6D /* Check Pods Manifest.lock */ = {
			isa = PBXShellScriptBuildPhase;
			buildActionMask = 2147483647;
			files = (
			);
			inputPaths = (
			);
			name = "Check Pods Manifest.lock";
			outputPaths = (
			);
			runOnlyForDeploymentPostprocessing = 0;
			shellPath = /bin/sh;
			shellScript = "diff \"${PODS_ROOT}/../Podfile.lock\" \"${PODS_ROOT}/Manifest.lock\" > /dev/null\nif [[ $? != 0 ]] ; then\n    cat << EOM\nerror: The sandbox is not in sync with the Podfile.lock. Run 'pod install' or update your CocoaPods installation.\nEOM\n    exit 1\nfi\n";
			showEnvVarsInLog = 0;
		};
		A91C58881B2E12F4009179E5 /* Check Pods Manifest.lock */ = {
			isa = PBXShellScriptBuildPhase;
			buildActionMask = 2147483647;
			files = (
			);
			inputPaths = (
			);
			name = "Check Pods Manifest.lock";
			outputPaths = (
			);
			runOnlyForDeploymentPostprocessing = 0;
			shellPath = /bin/sh;
			shellScript = "diff \"${PODS_ROOT}/../Podfile.lock\" \"${PODS_ROOT}/Manifest.lock\" > /dev/null\nif [[ $? != 0 ]] ; then\n    cat << EOM\nerror: The sandbox is not in sync with the Podfile.lock. Run 'pod install' or update your CocoaPods installation.\nEOM\n    exit 1\nfi\n";
			showEnvVarsInLog = 0;
		};
		A91C58931B2E12F4009179E5 /* Copy Pods Resources */ = {
			isa = PBXShellScriptBuildPhase;
			buildActionMask = 2147483647;
			files = (
			);
			inputPaths = (
			);
			name = "Copy Pods Resources";
			outputPaths = (
			);
			runOnlyForDeploymentPostprocessing = 0;
			shellPath = /bin/sh;
			shellScript = "\"${SRCROOT}/Pods/Target Support Files/Pods/Pods-resources.sh\"\n";
			showEnvVarsInLog = 0;
		};
		A97DF5711B76A9CC004D0906 /* Check Pods Manifest.lock */ = {
			isa = PBXShellScriptBuildPhase;
			buildActionMask = 2147483647;
			files = (
			);
			inputPaths = (
			);
			name = "Check Pods Manifest.lock";
			outputPaths = (
			);
			runOnlyForDeploymentPostprocessing = 0;
			shellPath = /bin/sh;
			shellScript = "diff \"${PODS_ROOT}/../Podfile.lock\" \"${PODS_ROOT}/Manifest.lock\" > /dev/null\nif [[ $? != 0 ]] ; then\n    cat << EOM\nerror: The sandbox is not in sync with the Podfile.lock. Run 'pod install' or update your CocoaPods installation.\nEOM\n    exit 1\nfi\n";
			showEnvVarsInLog = 0;
		};
		A97DF57C1B76A9CC004D0906 /* Copy Pods Resources */ = {
			isa = PBXShellScriptBuildPhase;
			buildActionMask = 2147483647;
			files = (
			);
			inputPaths = (
			);
			name = "Copy Pods Resources";
			outputPaths = (
			);
			runOnlyForDeploymentPostprocessing = 0;
			shellPath = /bin/sh;
			shellScript = "\"${SRCROOT}/Pods/Target Support Files/Pods/Pods-resources.sh\"\n";
			showEnvVarsInLog = 0;
		};
		A99124531B2F1FF400BF9259 /* Check Pods Manifest.lock */ = {
			isa = PBXShellScriptBuildPhase;
			buildActionMask = 2147483647;
			files = (
			);
			inputPaths = (
			);
			name = "Check Pods Manifest.lock";
			outputPaths = (
			);
			runOnlyForDeploymentPostprocessing = 0;
			shellPath = /bin/sh;
			shellScript = "diff \"${PODS_ROOT}/../Podfile.lock\" \"${PODS_ROOT}/Manifest.lock\" > /dev/null\nif [[ $? != 0 ]] ; then\n    cat << EOM\nerror: The sandbox is not in sync with the Podfile.lock. Run 'pod install' or update your CocoaPods installation.\nEOM\n    exit 1\nfi\n";
			showEnvVarsInLog = 0;
		};
		A991245E1B2F1FF400BF9259 /* Copy Pods Resources */ = {
			isa = PBXShellScriptBuildPhase;
			buildActionMask = 2147483647;
			files = (
			);
			inputPaths = (
			);
			name = "Copy Pods Resources";
			outputPaths = (
			);
			runOnlyForDeploymentPostprocessing = 0;
			shellPath = /bin/sh;
			shellScript = "\"${SRCROOT}/Pods/Target Support Files/Pods/Pods-resources.sh\"\n";
			showEnvVarsInLog = 0;
		};
		A99124651B2F20C900BF9259 /* Check Pods Manifest.lock */ = {
			isa = PBXShellScriptBuildPhase;
			buildActionMask = 2147483647;
			files = (
			);
			inputPaths = (
			);
			name = "Check Pods Manifest.lock";
			outputPaths = (
			);
			runOnlyForDeploymentPostprocessing = 0;
			shellPath = /bin/sh;
			shellScript = "diff \"${PODS_ROOT}/../Podfile.lock\" \"${PODS_ROOT}/Manifest.lock\" > /dev/null\nif [[ $? != 0 ]] ; then\n    cat << EOM\nerror: The sandbox is not in sync with the Podfile.lock. Run 'pod install' or update your CocoaPods installation.\nEOM\n    exit 1\nfi\n";
			showEnvVarsInLog = 0;
		};
		A99124701B2F20C900BF9259 /* Copy Pods Resources */ = {
			isa = PBXShellScriptBuildPhase;
			buildActionMask = 2147483647;
			files = (
			);
			inputPaths = (
			);
			name = "Copy Pods Resources";
			outputPaths = (
			);
			runOnlyForDeploymentPostprocessing = 0;
			shellPath = /bin/sh;
			shellScript = "\"${SRCROOT}/Pods/Target Support Files/Pods/Pods-resources.sh\"\n";
			showEnvVarsInLog = 0;
		};
/* End PBXShellScriptBuildPhase section */

/* Begin PBXSourcesBuildPhase section */
		A91C58891B2E12F4009179E5 /* Sources */ = {
			isa = PBXSourcesBuildPhase;
			buildActionMask = 2147483647;
			files = (
				A95D29D11B8A4C7A00848F1B /* MoreAndSettingsViewController.m in Sources */,
				A91C588A1B2E12F4009179E5 /* SpotsMapViewController.m in Sources */,
				A96CFBB11B7B60AE003E1FC1 /* BetterSpotsUtils.m in Sources */,
				A95D29C61B88D2C500848F1B /* FavouritesSpotListViewController.m in Sources */,
				A995A3021B7A950C00CC50BB /* SpotDetailsViewController.m in Sources */,
				A91C588B1B2E12F4009179E5 /* AppDelegate.m in Sources */,
				A9082FB11B7D505400013CAF /* SpotActions.m in Sources */,
				A9A761041B7BF7D500C9D28A /* Reachability.m in Sources */,
				A93851B41B87AA5A009AADF2 /* SpotListViewController.m in Sources */,
				A93851BB1B87AB95009AADF2 /* SpotCell.m in Sources */,
				A9082FB81B7D544A00013CAF /* BetterSpotsCommon.m in Sources */,
				A9082FCD1B7E1EA900013CAF /* MyActivityIndicatorView.m in Sources */,
				A93851C91B87B475009AADF2 /* MyManager.m in Sources */,
				A9082FD41B7E61BC00013CAF /* SpotDetailsMapViewController.m in Sources */,
				A91C588C1B2E12F4009179E5 /* main.m in Sources */,
			);
			runOnlyForDeploymentPostprocessing = 0;
		};
		A948EE5B1B25D621007B108F /* Sources */ = {
			isa = PBXSourcesBuildPhase;
			buildActionMask = 2147483647;
			files = (
				A93851B31B87AA5A009AADF2 /* SpotListViewController.m in Sources */,
				A9082FB01B7D505400013CAF /* SpotActions.m in Sources */,
				A9082FCC1B7E1EA900013CAF /* MyActivityIndicatorView.m in Sources */,
				A9082FD31B7E61BC00013CAF /* SpotDetailsMapViewController.m in Sources */,
				A93851C81B87B475009AADF2 /* MyManager.m in Sources */,
				A948EE661B25D621007B108F /* BetterSpotsTests.m in Sources */,
				A95D29C51B88D2C500848F1B /* FavouritesSpotListViewController.m in Sources */,
				A9082FB71B7D544A00013CAF /* BetterSpotsCommon.m in Sources */,
				A995A3011B7A950C00CC50BB /* SpotDetailsViewController.m in Sources */,
				A9A761031B7BF7D500C9D28A /* Reachability.m in Sources */,
				A96CFBB01B7B60AE003E1FC1 /* BetterSpotsUtils.m in Sources */,
				A93851BA1B87AB95009AADF2 /* SpotCell.m in Sources */,
			);
			runOnlyForDeploymentPostprocessing = 0;
		};
		A97DF5721B76A9CC004D0906 /* Sources */ = {
			isa = PBXSourcesBuildPhase;
			buildActionMask = 2147483647;
			files = (
				A95D29D41B8A4C7A00848F1B /* MoreAndSettingsViewController.m in Sources */,
				A97DF5731B76A9CC004D0906 /* SpotsMapViewController.m in Sources */,
				A96CFBB41B7B60AE003E1FC1 /* BetterSpotsUtils.m in Sources */,
				A95D29C91B88D2C500848F1B /* FavouritesSpotListViewController.m in Sources */,
				A995A3051B7A950C00CC50BB /* SpotDetailsViewController.m in Sources */,
				A97DF5741B76A9CC004D0906 /* AppDelegate.m in Sources */,
				A9082FB41B7D505400013CAF /* SpotActions.m in Sources */,
				A9A761071B7BF7D500C9D28A /* Reachability.m in Sources */,
				A93851B71B87AA5A009AADF2 /* SpotListViewController.m in Sources */,
				A93851BE1B87AB95009AADF2 /* SpotCell.m in Sources */,
				A9082FBB1B7D544A00013CAF /* BetterSpotsCommon.m in Sources */,
				A9082FD01B7E1EA900013CAF /* MyActivityIndicatorView.m in Sources */,
				A93851CC1B87B475009AADF2 /* MyManager.m in Sources */,
				A9082FD71B7E61BC00013CAF /* SpotDetailsMapViewController.m in Sources */,
				A97DF5751B76A9CC004D0906 /* main.m in Sources */,
			);
			runOnlyForDeploymentPostprocessing = 0;
		};
		A99124541B2F1FF400BF9259 /* Sources */ = {
			isa = PBXSourcesBuildPhase;
			buildActionMask = 2147483647;
			files = (
				A95D29D21B8A4C7A00848F1B /* MoreAndSettingsViewController.m in Sources */,
				A99124551B2F1FF400BF9259 /* SpotsMapViewController.m in Sources */,
				A96CFBB21B7B60AE003E1FC1 /* BetterSpotsUtils.m in Sources */,
				A95D29C71B88D2C500848F1B /* FavouritesSpotListViewController.m in Sources */,
				A995A3031B7A950C00CC50BB /* SpotDetailsViewController.m in Sources */,
				A99124561B2F1FF400BF9259 /* AppDelegate.m in Sources */,
				A9082FB21B7D505400013CAF /* SpotActions.m in Sources */,
				A9A761051B7BF7D500C9D28A /* Reachability.m in Sources */,
				A93851B51B87AA5A009AADF2 /* SpotListViewController.m in Sources */,
				A93851BC1B87AB95009AADF2 /* SpotCell.m in Sources */,
				A9082FB91B7D544A00013CAF /* BetterSpotsCommon.m in Sources */,
				A9082FCE1B7E1EA900013CAF /* MyActivityIndicatorView.m in Sources */,
				A93851CA1B87B475009AADF2 /* MyManager.m in Sources */,
				A9082FD51B7E61BC00013CAF /* SpotDetailsMapViewController.m in Sources */,
				A99124571B2F1FF400BF9259 /* main.m in Sources */,
			);
			runOnlyForDeploymentPostprocessing = 0;
		};
		A99124661B2F20C900BF9259 /* Sources */ = {
			isa = PBXSourcesBuildPhase;
			buildActionMask = 2147483647;
			files = (
				A95D29D31B8A4C7A00848F1B /* MoreAndSettingsViewController.m in Sources */,
				A99124671B2F20C900BF9259 /* SpotsMapViewController.m in Sources */,
				A96CFBB31B7B60AE003E1FC1 /* BetterSpotsUtils.m in Sources */,
				A95D29C81B88D2C500848F1B /* FavouritesSpotListViewController.m in Sources */,
				A995A3041B7A950C00CC50BB /* SpotDetailsViewController.m in Sources */,
				A99124681B2F20C900BF9259 /* AppDelegate.m in Sources */,
				A9082FB31B7D505400013CAF /* SpotActions.m in Sources */,
				A9A761061B7BF7D500C9D28A /* Reachability.m in Sources */,
				A93851B61B87AA5A009AADF2 /* SpotListViewController.m in Sources */,
				A93851BD1B87AB95009AADF2 /* SpotCell.m in Sources */,
				A9082FBA1B7D544A00013CAF /* BetterSpotsCommon.m in Sources */,
				A9082FCF1B7E1EA900013CAF /* MyActivityIndicatorView.m in Sources */,
				A93851CB1B87B475009AADF2 /* MyManager.m in Sources */,
				A9082FD61B7E61BC00013CAF /* SpotDetailsMapViewController.m in Sources */,
				A99124691B2F20C900BF9259 /* main.m in Sources */,
			);
			runOnlyForDeploymentPostprocessing = 0;
		};
/* End PBXSourcesBuildPhase section */

/* Begin PBXVariantGroup section */
		A948EE531B25D620007B108F /* Main.storyboard */ = {
			isa = PBXVariantGroup;
			children = (
				A948EE541B25D620007B108F /* Base */,
			);
			name = Main.storyboard;
			sourceTree = "<group>";
		};
/* End PBXVariantGroup section */

/* Begin XCBuildConfiguration section */
		A91C58951B2E12F4009179E5 /* Debug */ = {
			isa = XCBuildConfiguration;
			baseConfigurationReference = 9EA356E227CF230850943D3E /* Pods.debug.xcconfig */;
			buildSettings = {
				ASSETCATALOG_COMPILER_APPICON_NAME = EnabledspotAppIcon;
				ASSETCATALOG_COMPILER_LAUNCHIMAGE_NAME = EnabledspotLaunchImage;
				INFOPLIST_FILE = EnabledspotEU.plist;
				IPHONEOS_DEPLOYMENT_TARGET = 8.1;
				LD_RUNPATH_SEARCH_PATHS = "$(inherited) @executable_path/Frameworks";
				PRODUCT_NAME = EnabledspotEU;
			};
			name = Debug;
		};
		A91C58961B2E12F4009179E5 /* Release */ = {
			isa = XCBuildConfiguration;
			baseConfigurationReference = 06D1BCE2DD118008398C1BF6 /* Pods.release.xcconfig */;
			buildSettings = {
				ASSETCATALOG_COMPILER_APPICON_NAME = EnabledspotAppIcon;
				ASSETCATALOG_COMPILER_LAUNCHIMAGE_NAME = EnabledspotLaunchImage;
				INFOPLIST_FILE = EnabledspotEU.plist;
				IPHONEOS_DEPLOYMENT_TARGET = 8.1;
				LD_RUNPATH_SEARCH_PATHS = "$(inherited) @executable_path/Frameworks";
				PRODUCT_NAME = EnabledspotEU;
			};
			name = Release;
		};
		A948EE671B25D621007B108F /* Debug */ = {
			isa = XCBuildConfiguration;
			buildSettings = {
				ALWAYS_SEARCH_USER_PATHS = NO;
				CLANG_CXX_LANGUAGE_STANDARD = "gnu++0x";
				CLANG_CXX_LIBRARY = "libc++";
				CLANG_ENABLE_MODULES = YES;
				CLANG_ENABLE_OBJC_ARC = YES;
				CLANG_WARN_BOOL_CONVERSION = YES;
				CLANG_WARN_CONSTANT_CONVERSION = YES;
				CLANG_WARN_DIRECT_OBJC_ISA_USAGE = YES_ERROR;
				CLANG_WARN_EMPTY_BODY = YES;
				CLANG_WARN_ENUM_CONVERSION = YES;
				CLANG_WARN_INT_CONVERSION = YES;
				CLANG_WARN_OBJC_ROOT_CLASS = YES_ERROR;
				CLANG_WARN_UNREACHABLE_CODE = YES;
				CLANG_WARN__DUPLICATE_METHOD_MATCH = YES;
				"CODE_SIGN_IDENTITY[sdk=iphoneos*]" = "iPhone Developer";
				COPY_PHASE_STRIP = NO;
				DEBUG_INFORMATION_FORMAT = "dwarf-with-dsym";
				ENABLE_STRICT_OBJC_MSGSEND = YES;
				GCC_C_LANGUAGE_STANDARD = gnu99;
				GCC_DYNAMIC_NO_PIC = NO;
				GCC_NO_COMMON_BLOCKS = YES;
				GCC_OPTIMIZATION_LEVEL = 0;
				GCC_PREPROCESSOR_DEFINITIONS = (
					"DEBUG=1",
					"$(inherited)",
				);
				GCC_SYMBOLS_PRIVATE_EXTERN = NO;
				GCC_WARN_64_TO_32_BIT_CONVERSION = YES;
				GCC_WARN_ABOUT_RETURN_TYPE = YES_ERROR;
				GCC_WARN_UNDECLARED_SELECTOR = YES;
				GCC_WARN_UNINITIALIZED_AUTOS = YES_AGGRESSIVE;
				GCC_WARN_UNUSED_FUNCTION = YES;
				GCC_WARN_UNUSED_VARIABLE = YES;
				IPHONEOS_DEPLOYMENT_TARGET = 8.1;
				MTL_ENABLE_DEBUG_INFO = YES;
				ONLY_ACTIVE_ARCH = YES;
				SDKROOT = iphoneos;
			};
			name = Debug;
		};
		A948EE681B25D621007B108F /* Release */ = {
			isa = XCBuildConfiguration;
			buildSettings = {
				ALWAYS_SEARCH_USER_PATHS = NO;
				CLANG_CXX_LANGUAGE_STANDARD = "gnu++0x";
				CLANG_CXX_LIBRARY = "libc++";
				CLANG_ENABLE_MODULES = YES;
				CLANG_ENABLE_OBJC_ARC = YES;
				CLANG_WARN_BOOL_CONVERSION = YES;
				CLANG_WARN_CONSTANT_CONVERSION = YES;
				CLANG_WARN_DIRECT_OBJC_ISA_USAGE = YES_ERROR;
				CLANG_WARN_EMPTY_BODY = YES;
				CLANG_WARN_ENUM_CONVERSION = YES;
				CLANG_WARN_INT_CONVERSION = YES;
				CLANG_WARN_OBJC_ROOT_CLASS = YES_ERROR;
				CLANG_WARN_UNREACHABLE_CODE = YES;
				CLANG_WARN__DUPLICATE_METHOD_MATCH = YES;
				"CODE_SIGN_IDENTITY[sdk=iphoneos*]" = "iPhone Developer";
				COPY_PHASE_STRIP = NO;
				DEBUG_INFORMATION_FORMAT = "dwarf-with-dsym";
				ENABLE_NS_ASSERTIONS = NO;
				ENABLE_STRICT_OBJC_MSGSEND = YES;
				GCC_C_LANGUAGE_STANDARD = gnu99;
				GCC_NO_COMMON_BLOCKS = YES;
				GCC_WARN_64_TO_32_BIT_CONVERSION = YES;
				GCC_WARN_ABOUT_RETURN_TYPE = YES_ERROR;
				GCC_WARN_UNDECLARED_SELECTOR = YES;
				GCC_WARN_UNINITIALIZED_AUTOS = YES_AGGRESSIVE;
				GCC_WARN_UNUSED_FUNCTION = YES;
				GCC_WARN_UNUSED_VARIABLE = YES;
				IPHONEOS_DEPLOYMENT_TARGET = 8.1;
				MTL_ENABLE_DEBUG_INFO = NO;
				SDKROOT = iphoneos;
				VALIDATE_PRODUCT = YES;
			};
			name = Release;
		};
		A948EE6D1B25D621007B108F /* Debug */ = {
			isa = XCBuildConfiguration;
			baseConfigurationReference = 9EA356E227CF230850943D3E /* Pods.debug.xcconfig */;
			buildSettings = {
				BUNDLE_LOADER = "$(TEST_HOST)";
				FRAMEWORK_SEARCH_PATHS = (
					"$(SDKROOT)/Developer/Library/Frameworks",
					"$(inherited)",
				);
				GCC_PREPROCESSOR_DEFINITIONS = (
					"DEBUG=1",
					"$(inherited)",
				);
				INFOPLIST_FILE = BetterSpotsTests/Info.plist;
				LD_RUNPATH_SEARCH_PATHS = "$(inherited) @executable_path/Frameworks @loader_path/Frameworks";
				PRODUCT_NAME = BetterSpotsTests;
				TEST_HOST = "$(BUILT_PRODUCTS_DIR)/BetterSpots.app/BetterSpots";
			};
			name = Debug;
		};
		A948EE6E1B25D621007B108F /* Release */ = {
			isa = XCBuildConfiguration;
			baseConfigurationReference = 06D1BCE2DD118008398C1BF6 /* Pods.release.xcconfig */;
			buildSettings = {
				BUNDLE_LOADER = "$(TEST_HOST)";
				FRAMEWORK_SEARCH_PATHS = (
					"$(SDKROOT)/Developer/Library/Frameworks",
					"$(inherited)",
				);
				INFOPLIST_FILE = BetterSpotsTests/Info.plist;
				LD_RUNPATH_SEARCH_PATHS = "$(inherited) @executable_path/Frameworks @loader_path/Frameworks";
				PRODUCT_NAME = BetterSpotsTests;
				TEST_HOST = "$(BUILT_PRODUCTS_DIR)/BetterSpots.app/BetterSpots";
			};
			name = Release;
		};
		A97DF57E1B76A9CC004D0906 /* Debug */ = {
			isa = XCBuildConfiguration;
			baseConfigurationReference = 9EA356E227CF230850943D3E /* Pods.debug.xcconfig */;
			buildSettings = {
				ASSETCATALOG_COMPILER_APPICON_NAME = DogspotAppIcon;
				ASSETCATALOG_COMPILER_LAUNCHIMAGE_NAME = DogspotLaunchImage;
				INFOPLIST_FILE = DogspotEU.plist;
				IPHONEOS_DEPLOYMENT_TARGET = 8.1;
				LD_RUNPATH_SEARCH_PATHS = "$(inherited) @executable_path/Frameworks";
				LIBRARY_SEARCH_PATHS = (
					"$(inherited)",
					"$(PROJECT_DIR)/build/Debug-iphoneos",
				);
				PRODUCT_NAME = DogspotEU;
			};
			name = Debug;
		};
		A97DF57F1B76A9CC004D0906 /* Release */ = {
			isa = XCBuildConfiguration;
			baseConfigurationReference = 06D1BCE2DD118008398C1BF6 /* Pods.release.xcconfig */;
			buildSettings = {
				ASSETCATALOG_COMPILER_APPICON_NAME = DogspotAppIcon;
				ASSETCATALOG_COMPILER_LAUNCHIMAGE_NAME = DogspotLaunchImage;
				INFOPLIST_FILE = DogspotEU.plist;
				IPHONEOS_DEPLOYMENT_TARGET = 8.1;
				LD_RUNPATH_SEARCH_PATHS = "$(inherited) @executable_path/Frameworks";
				LIBRARY_SEARCH_PATHS = (
					"$(inherited)",
					"$(PROJECT_DIR)/build/Debug-iphoneos",
				);
				PRODUCT_NAME = DogspotEU;
			};
			name = Release;
		};
		A99124601B2F1FF400BF9259 /* Debug */ = {
			isa = XCBuildConfiguration;
			baseConfigurationReference = 9EA356E227CF230850943D3E /* Pods.debug.xcconfig */;
			buildSettings = {
				ASSETCATALOG_COMPILER_APPICON_NAME = VeganspotAppIcon;
				ASSETCATALOG_COMPILER_LAUNCHIMAGE_NAME = VeganspotLaunchImage;
				INFOPLIST_FILE = VeganspotORG.plist;
				IPHONEOS_DEPLOYMENT_TARGET = 8.1;
				LD_RUNPATH_SEARCH_PATHS = "$(inherited) @executable_path/Frameworks";
				PRODUCT_NAME = VeganspotORG;
			};
			name = Debug;
		};
		A99124611B2F1FF400BF9259 /* Release */ = {
			isa = XCBuildConfiguration;
			baseConfigurationReference = 06D1BCE2DD118008398C1BF6 /* Pods.release.xcconfig */;
			buildSettings = {
				ASSETCATALOG_COMPILER_APPICON_NAME = VeganspotAppIcon;
				ASSETCATALOG_COMPILER_LAUNCHIMAGE_NAME = VeganspotLaunchImage;
				INFOPLIST_FILE = VeganspotORG.plist;
				IPHONEOS_DEPLOYMENT_TARGET = 8.1;
				LD_RUNPATH_SEARCH_PATHS = "$(inherited) @executable_path/Frameworks";
				PRODUCT_NAME = VeganspotORG;
			};
			name = Release;
		};
		A99124721B2F20C900BF9259 /* Debug */ = {
			isa = XCBuildConfiguration;
			baseConfigurationReference = 9EA356E227CF230850943D3E /* Pods.debug.xcconfig */;
			buildSettings = {
				ASSETCATALOG_COMPILER_APPICON_NAME = MomspotAppIcon;
				ASSETCATALOG_COMPILER_LAUNCHIMAGE_NAME = MomspotLaunchImage;
				INFOPLIST_FILE = MomspotEU.plist;
				IPHONEOS_DEPLOYMENT_TARGET = 8.1;
				LD_RUNPATH_SEARCH_PATHS = "$(inherited) @executable_path/Frameworks";
				PRODUCT_NAME = MomspotEU;
			};
			name = Debug;
		};
		A99124731B2F20C900BF9259 /* Release */ = {
			isa = XCBuildConfiguration;
			baseConfigurationReference = 06D1BCE2DD118008398C1BF6 /* Pods.release.xcconfig */;
			buildSettings = {
				ASSETCATALOG_COMPILER_APPICON_NAME = MomspotAppIcon;
				ASSETCATALOG_COMPILER_LAUNCHIMAGE_NAME = MomspotLaunchImage;
				INFOPLIST_FILE = MomspotEU.plist;
				IPHONEOS_DEPLOYMENT_TARGET = 8.1;
				LD_RUNPATH_SEARCH_PATHS = "$(inherited) @executable_path/Frameworks";
				PRODUCT_NAME = MomspotEU;
			};
			name = Release;
		};
/* End XCBuildConfiguration section */

/* Begin XCConfigurationList section */
		A91C58941B2E12F4009179E5 /* Build configuration list for PBXNativeTarget "EnabledspotEU" */ = {
			isa = XCConfigurationList;
			buildConfigurations = (
				A91C58951B2E12F4009179E5 /* Debug */,
				A91C58961B2E12F4009179E5 /* Release */,
			);
			defaultConfigurationIsVisible = 0;
			defaultConfigurationName = Release;
		};
		A948EE411B25D620007B108F /* Build configuration list for PBXProject "BetterSpots" */ = {
			isa = XCConfigurationList;
			buildConfigurations = (
				A948EE671B25D621007B108F /* Debug */,
				A948EE681B25D621007B108F /* Release */,
			);
			defaultConfigurationIsVisible = 0;
			defaultConfigurationName = Release;
		};
		A948EE6C1B25D621007B108F /* Build configuration list for PBXNativeTarget "BetterSpotsTests" */ = {
			isa = XCConfigurationList;
			buildConfigurations = (
				A948EE6D1B25D621007B108F /* Debug */,
				A948EE6E1B25D621007B108F /* Release */,
			);
			defaultConfigurationIsVisible = 0;
			defaultConfigurationName = Release;
		};
		A97DF57D1B76A9CC004D0906 /* Build configuration list for PBXNativeTarget "DogspotEU" */ = {
			isa = XCConfigurationList;
			buildConfigurations = (
				A97DF57E1B76A9CC004D0906 /* Debug */,
				A97DF57F1B76A9CC004D0906 /* Release */,
			);
			defaultConfigurationIsVisible = 0;
			defaultConfigurationName = Release;
		};
		A991245F1B2F1FF400BF9259 /* Build configuration list for PBXNativeTarget "VeganspotORG" */ = {
			isa = XCConfigurationList;
			buildConfigurations = (
				A99124601B2F1FF400BF9259 /* Debug */,
				A99124611B2F1FF400BF9259 /* Release */,
			);
			defaultConfigurationIsVisible = 0;
			defaultConfigurationName = Release;
		};
		A99124711B2F20C900BF9259 /* Build configuration list for PBXNativeTarget "MomspotEU" */ = {
			isa = XCConfigurationList;
			buildConfigurations = (
				A99124721B2F20C900BF9259 /* Debug */,
				A99124731B2F20C900BF9259 /* Release */,
			);
			defaultConfigurationIsVisible = 0;
			defaultConfigurationName = Release;
		};
/* End XCConfigurationList section */
	};
	rootObject = A948EE3E1B25D620007B108F /* Project object */;
}
